
Microsoft Visual Studio Solution File, Format Version 12.00
# Visual Studio Version 16
VisualStudioVersion = 16.0.29418.71
MinimumVisualStudioVersion = 10.0.40219.1
Project("{FAE04EC0-301F-11D3-BF4B-00C04F79EFBC}") = "Bangazon", "Bangazon\Bangazon.csproj", "{226CF0D3-918B-4BB8-843C-CDFCA09356D8}"
EndProject
Global
	GlobalSection(SolutionConfigurationPlatforms) = preSolution
		Debug|Any CPU = Debug|Any CPU
		Release|Any CPU = Release|Any CPU
	EndGlobalSection
	GlobalSection(ProjectConfigurationPlatforms) = postSolution
		{226CF0D3-918B-4BB8-843C-CDFCA09356D8}.Debug|Any CPU.ActiveCfg = Debug|Any CPU
		{226CF0D3-918B-4BB8-843C-CDFCA09356D8}.Debug|Any CPU.Build.0 = Debug|Any CPU
		{226CF0D3-918B-4BB8-843C-CDFCA09356D8}.Release|Any CPU.ActiveCfg = Release|Any CPU
		{226CF0D3-918B-4BB8-843C-CDFCA09356D8}.Release|Any CPU.Build.0 = Release|Any CPU
	EndGlobalSection
	GlobalSection(SolutionProperties) = preSolution
		HideSolutionNode = FALSE
	EndGlobalSection
	GlobalSection(ExtensibilityGlobals) = postSolution
		SolutionGuid = {753129C6-1921-4B56-BE91-E4CAE861A1AC}
	EndGlobalSection
EndGlobal
